Microsoft Visual Studio Solution File, Format Version 8.00
Project("{FDDF9C0B-7F1F-454F-BCAE-4B4E5ACCE74A}") = "Application6", "Project1\Application6.ftn95p", "{06B43CFE-8F27-4D24-80BC-81D71FFA380F}"
	ProjectSection(ProjectDependencies) = postProject
	EndProjectSection
EndProject
Project("{F184B08F-C81C-45F6-A57F-5ABD9991F28F}") = "VBresources1", "Resources1\VBresources1.vbproj", "{DA30B06E-C7E8-42E9-8ED2-1DD49C693693}"
	ProjectSection(ProjectDependencies) = postProject
	EndProjectSection
EndProject
Global
	GlobalSection(SolutionConfiguration) = preSolution
		CheckMate .NET = CheckMate .NET
		CheckMate Win32 = CheckMate Win32
		Debug = Debug
		Debug .NET = Debug .NET
		Debug Win32 = Debug Win32
		Release = Release
		Release .NET = Release .NET
		Release Win32 = Release Win32
	EndGlobalSection
	GlobalSection(ProjectConfiguration) = postSolution
		{06B43CFE-8F27-4D24-80BC-81D71FFA380F}.CheckMate .NET.ActiveCfg = CheckMate|.NET
		{06B43CFE-8F27-4D24-80BC-81D71FFA380F}.CheckMate .NET.Build.0 = CheckMate|.NET
		{06B43CFE-8F27-4D24-80BC-81D71FFA380F}.CheckMate Win32.ActiveCfg = CheckMate|Win32
		{06B43CFE-8F27-4D24-80BC-81D71FFA380F}.CheckMate Win32.Build.0 = CheckMate|Win32
		{06B43CFE-8F27-4D24-80BC-81D71FFA380F}.Debug.ActiveCfg = Debug|Win32
		{06B43CFE-8F27-4D24-80BC-81D71FFA380F}.Debug.Build.0 = Debug|Win32
		{06B43CFE-8F27-4D24-80BC-81D71FFA380F}.Debug .NET.ActiveCfg = Debug|.NET
		{06B43CFE-8F27-4D24-80BC-81D71FFA380F}.Debug .NET.Build.0 = Debug|.NET
		{06B43CFE-8F27-4D24-80BC-81D71FFA380F}.Debug Win32.ActiveCfg = Debug|Win32
		{06B43CFE-8F27-4D24-80BC-81D71FFA380F}.Debug Win32.Build.0 = Debug|Win32
		{06B43CFE-8F27-4D24-80BC-81D71FFA380F}.Release.ActiveCfg = Release|Win32
		{06B43CFE-8F27-4D24-80BC-81D71FFA380F}.Release.Build.0 = Release|Win32
		{06B43CFE-8F27-4D24-80BC-81D71FFA380F}.Release .NET.ActiveCfg = Release|.NET
		{06B43CFE-8F27-4D24-80BC-81D71FFA380F}.Release .NET.Build.0 = Release|.NET
		{06B43CFE-8F27-4D24-80BC-81D71FFA380F}.Release Win32.ActiveCfg = Release|Win32
		{06B43CFE-8F27-4D24-80BC-81D71FFA380F}.Release Win32.Build.0 = Release|Win32
		{DA30B06E-C7E8-42E9-8ED2-1DD49C693693}.CheckMate .NET.ActiveCfg = Release|.NET
		{DA30B06E-C7E8-42E9-8ED2-1DD49C693693}.CheckMate .NET.Build.0 = Release|.NET
		{DA30B06E-C7E8-42E9-8ED2-1DD49C693693}.CheckMate Win32.ActiveCfg = Release|.NET
		{DA30B06E-C7E8-42E9-8ED2-1DD49C693693}.CheckMate Win32.Build.0 = Release|.NET
		{DA30B06E-C7E8-42E9-8ED2-1DD49C693693}.Debug.ActiveCfg = Debug|.NET
		{DA30B06E-C7E8-42E9-8ED2-1DD49C693693}.Debug.Build.0 = Debug|.NET
		{DA30B06E-C7E8-42E9-8ED2-1DD49C693693}.Debug .NET.ActiveCfg = Debug|.NET
		{DA30B06E-C7E8-42E9-8ED2-1DD49C693693}.Debug .NET.Build.0 = Debug|.NET
		{DA30B06E-C7E8-42E9-8ED2-1DD49C693693}.Debug Win32.ActiveCfg = Debug|.NET
		{DA30B06E-C7E8-42E9-8ED2-1DD49C693693}.Debug Win32.Build.0 = Debug|.NET
		{DA30B06E-C7E8-42E9-8ED2-1DD49C693693}.Release.ActiveCfg = Release|.NET
		{DA30B06E-C7E8-42E9-8ED2-1DD49C693693}.Release.Build.0 = Release|.NET
		{DA30B06E-C7E8-42E9-8ED2-1DD49C693693}.Release .NET.ActiveCfg = Release|.NET
		{DA30B06E-C7E8-42E9-8ED2-1DD49C693693}.Release .NET.Build.0 = Release|.NET
		{DA30B06E-C7E8-42E9-8ED2-1DD49C693693}.Release Win32.ActiveCfg = Release|.NET
		{DA30B06E-C7E8-42E9-8ED2-1DD49C693693}.Release Win32.Build.0 = Release|.NET
	EndGlobalSection
	GlobalSection(ExtensibilityGlobals) = postSolution
	EndGlobalSection
	GlobalSection(ExtensibilityAddIns) = postSolution
	EndGlobalSection
EndGlobal
