Microsoft Visual Studio Solution File, Format Version 7.00
Project("{F184B08F-C81C-45F6-A57F-5ABD9991F28F}") = "Application", "WindowsApplication1\Application.vbproj", "{EC248ECD-39BA-4D1F-8417-D1BB66377C7C}"
EndProject
Project("{FDDF9C0B-7F1F-454F-BCAE-4B4E5ACCE74A}") = "Resources", "Project1\Resources.ftn95p", "{F45914D4-E7C1-4ABF-AAA4-4D8A1B4EFDC9}"
EndProject
Global
	GlobalSection(SolutionConfiguration) = preSolution
		ConfigName.0 = CheckMate .NET
		ConfigName.1 = CheckMate Win32
		ConfigName.2 = Debug .NET
		ConfigName.3 = Debug Win32
		ConfigName.4 = Release .NET
		ConfigName.5 = Release Win32
	EndGlobalSection
	GlobalSection(ProjectDependencies) = postSolution
	EndGlobalSection
	GlobalSection(ProjectConfiguration) = postSolution
		{EC248ECD-39BA-4D1F-8417-D1BB66377C7C}.CheckMate .NET.ActiveCfg = Release|.NET
		{EC248ECD-39BA-4D1F-8417-D1BB66377C7C}.CheckMate .NET.Build.0 = Release|.NET
		{EC248ECD-39BA-4D1F-8417-D1BB66377C7C}.CheckMate Win32.ActiveCfg = Release|.NET
		{EC248ECD-39BA-4D1F-8417-D1BB66377C7C}.CheckMate Win32.Build.0 = Release|.NET
		{EC248ECD-39BA-4D1F-8417-D1BB66377C7C}.Debug .NET.ActiveCfg = Debug|.NET
		{EC248ECD-39BA-4D1F-8417-D1BB66377C7C}.Debug .NET.Build.0 = Debug|.NET
		{EC248ECD-39BA-4D1F-8417-D1BB66377C7C}.Debug Win32.ActiveCfg = Debug|.NET
		{EC248ECD-39BA-4D1F-8417-D1BB66377C7C}.Debug Win32.Build.0 = Debug|.NET
		{EC248ECD-39BA-4D1F-8417-D1BB66377C7C}.Release .NET.ActiveCfg = Release|.NET
		{EC248ECD-39BA-4D1F-8417-D1BB66377C7C}.Release .NET.Build.0 = Release|.NET
		{EC248ECD-39BA-4D1F-8417-D1BB66377C7C}.Release Win32.ActiveCfg = Release|.NET
		{EC248ECD-39BA-4D1F-8417-D1BB66377C7C}.Release Win32.Build.0 = Release|.NET
		{F45914D4-E7C1-4ABF-AAA4-4D8A1B4EFDC9}.CheckMate .NET.ActiveCfg = CheckMate|.NET
		{F45914D4-E7C1-4ABF-AAA4-4D8A1B4EFDC9}.CheckMate .NET.Build.0 = CheckMate|.NET
		{F45914D4-E7C1-4ABF-AAA4-4D8A1B4EFDC9}.CheckMate Win32.ActiveCfg = CheckMate|Win32
		{F45914D4-E7C1-4ABF-AAA4-4D8A1B4EFDC9}.CheckMate Win32.Build.0 = CheckMate|Win32
		{F45914D4-E7C1-4ABF-AAA4-4D8A1B4EFDC9}.Debug .NET.ActiveCfg = Debug|.NET
		{F45914D4-E7C1-4ABF-AAA4-4D8A1B4EFDC9}.Debug .NET.Build.0 = Debug|.NET
		{F45914D4-E7C1-4ABF-AAA4-4D8A1B4EFDC9}.Debug Win32.ActiveCfg = Debug|Win32
		{F45914D4-E7C1-4ABF-AAA4-4D8A1B4EFDC9}.Debug Win32.Build.0 = Debug|Win32
		{F45914D4-E7C1-4ABF-AAA4-4D8A1B4EFDC9}.Release .NET.ActiveCfg = Release|.NET
		{F45914D4-E7C1-4ABF-AAA4-4D8A1B4EFDC9}.Release .NET.Build.0 = Release|.NET
		{F45914D4-E7C1-4ABF-AAA4-4D8A1B4EFDC9}.Release Win32.ActiveCfg = Release|Win32
		{F45914D4-E7C1-4ABF-AAA4-4D8A1B4EFDC9}.Release Win32.Build.0 = Release|Win32
	EndGlobalSection
	GlobalSection(ExtensibilityGlobals) = postSolution
	EndGlobalSection
	GlobalSection(ExtensibilityAddIns) = postSolution
	EndGlobalSection
EndGlobal
