Microsoft Visual Studio Solution File, Format Version 9.00
# Visual Studio 2005
Project("{9AE66E24-D2D9-4FF2-AB7F-CE79F20F2B8B}") = "OnlineImageViewer", "OnlineImageViewer.ftn95p", "{4552BF13-2823-4990-9C21-EF1DBBB7BEDE}"
EndProject
Global
	GlobalSection(SolutionConfigurationPlatforms) = preSolution
		CheckMate|.NET = CheckMate|.NET
		CheckMate|Win32 = CheckMate|Win32
		Debug|.NET = Debug|.NET
		Debug|Win32 = Debug|Win32
		Release|.NET = Release|.NET
		Release|Win32 = Release|Win32
	EndGlobalSection
	GlobalSection(ProjectConfigurationPlatforms) = postSolution
		{4552BF13-2823-4990-9C21-EF1DBBB7BEDE}.CheckMate|.NET.ActiveCfg = CheckMate|Win32
		{4552BF13-2823-4990-9C21-EF1DBBB7BEDE}.CheckMate|.NET.Build.0 = CheckMate|Win32
		{4552BF13-2823-4990-9C21-EF1DBBB7BEDE}.CheckMate|Win32.ActiveCfg = CheckMate|Win32
		{4552BF13-2823-4990-9C21-EF1DBBB7BEDE}.CheckMate|Win32.Build.0 = CheckMate|Win32
		{4552BF13-2823-4990-9C21-EF1DBBB7BEDE}.Debug|.NET.ActiveCfg = Debug|.NET
		{4552BF13-2823-4990-9C21-EF1DBBB7BEDE}.Debug|.NET.Build.0 = Debug|.NET
		{4552BF13-2823-4990-9C21-EF1DBBB7BEDE}.Debug|Win32.ActiveCfg = Debug|Win32
		{4552BF13-2823-4990-9C21-EF1DBBB7BEDE}.Debug|Win32.Build.0 = Debug|Win32
		{4552BF13-2823-4990-9C21-EF1DBBB7BEDE}.Release|.NET.ActiveCfg = Release|Win32
		{4552BF13-2823-4990-9C21-EF1DBBB7BEDE}.Release|.NET.Build.0 = Release|Win32
		{4552BF13-2823-4990-9C21-EF1DBBB7BEDE}.Release|Win32.ActiveCfg = Release|Win32
		{4552BF13-2823-4990-9C21-EF1DBBB7BEDE}.Release|Win32.Build.0 = Release|Win32
	EndGlobalSection
	GlobalSection(SolutionProperties) = preSolution
		HideSolutionNode = FALSE
	EndGlobalSection
EndGlobal
